Microsoft Visual Studio Solution File, Format Version 11.00
# Visual Studio 2008

Project("{FD400D35-9D9C-4DA1-128B-C9FF00D82A67}") = "EditorTestProject", "Assembly-CSharp-Editor.csproj", "{235FAD37-5847-9C30-9D7A-009EFB5DBE40}"
EndProject
Global
	GlobalSection(SolutionConfigurationPlatforms) = preSolution
		Debug|Any CPU = Debug|Any CPU
		Release|Any CPU = Release|Any CPU
	EndGlobalSection
	GlobalSection(ProjectConfigurationPlatforms) = postSolution
		{235FAD37-5847-9C30-9D7A-009EFB5DBE40}.Debug|Any CPU.ActiveCfg = Debug|Any CPU
		{235FAD37-5847-9C30-9D7A-009EFB5DBE40}.Debug|Any CPU.Build.0 = Debug|Any CPU
		{235FAD37-5847-9C30-9D7A-009EFB5DBE40}.Release|Any CPU.ActiveCfg = Release|Any CPU
		{235FAD37-5847-9C30-9D7A-009EFB5DBE40}.Release|Any CPU.Build.0 = Release|Any CPU
	EndGlobalSection
	GlobalSection(SolutionProperties) = preSolution
		HideSolutionNode = FALSE
	EndGlobalSection
	GlobalSection(MonoDevelopProperties) = preSolution
		StartupItem = Assembly-CSharp.csproj
	EndGlobalSection
EndGlobal
